
Microsoft Visual Studio Solution File, Format Version 12.00
# Visual Studio 15
VisualStudioVersion = 15.0.28010.2036
MinimumVisualStudioVersion = 10.0.40219.1
Project("{2150E333-8FDC-42A3-9474-1A3956D46DE8}") = "Practice", "Practice", "{D26DA8EB-3504-4498-8B63-BECB461D3533}"
EndProject
Project("{2150E333-8FDC-42A3-9474-1A3956D46DE8}") = "Assignment", "Assignment", "{A1618EBD-8DDE-4FEE-84FC-401571A67D27}"
EndProject
Project("{2150E333-8FDC-42A3-9474-1A3956D46DE8}") = "Theory", "Theory", "{85A1BC4A-E801-48C4-9ABF-5220D7D99A07}"
EndProject
Project("{2150E333-8FDC-42A3-9474-1A3956D46DE8}") = "Assignment", "Assignment", "{1725986F-463F-4133-BE35-2C5A198BD547}"
EndProject
Project("{2150E333-8FDC-42A3-9474-1A3956D46DE8}") = "Lesson", "Lesson", "{425A2AC7-0C2F-42DB-AD09-7D6C2451F0BB}"
EndProject
Project("{2150E333-8FDC-42A3-9474-1A3956D46DE8}") = "Lesson", "Lesson", "{C59893AE-962E-41C4-AA47-A7F63AB4D2C3}"
EndProject
Project("{8BC9CEB8-8B4A-11D0-8D11-00A0C91BC942}") = "Real Time Video Capture and Histogram", "Real Time Video Capture and Histogram\Real Time Video Capture and Histogram.vcxproj", "{E7FC89FB-E92D-471D-900C-7D34BD74B958}"
EndProject
Project("{8BC9CEB8-8B4A-11D0-8D11-00A0C91BC942}") = "Templete Matching", "Templete Matching\Templete Matching.vcxproj", "{B35804A1-2101-48A9-8FD3-692F2C3278F1}"
EndProject
Project("{8BC9CEB8-8B4A-11D0-8D11-00A0C91BC942}") = "HDR Image", "HDR Image\HDR Image.vcxproj", "{F6B1A5D5-69F7-4159-926C-0834D02B1E8B}"
EndProject
Project("{8BC9CEB8-8B4A-11D0-8D11-00A0C91BC942}") = "Scratch Pencil Photo", "Scratch Pencil Photo\Scratch Pencil Photo.vcxproj", "{9C578BD5-936A-4BF8-BD32-84994DB9CADD}"
EndProject
Project("{8BC9CEB8-8B4A-11D0-8D11-00A0C91BC942}") = "Multi People Identification", "Multi People Identification\Multi People Identification.vcxproj", "{8DFDF90B-3E80-49CB-9BA6-FAE1CEB7C5B5}"
EndProject
Project("{8BC9CEB8-8B4A-11D0-8D11-00A0C91BC942}") = "Neighborhood Operator", "Neighborhood Operator\Neighborhood Operator.vcxproj", "{98DE8948-ACA4-4AC3-A989-3C081A298B6F}"
EndProject
Global
	GlobalSection(SolutionConfigurationPlatforms) = preSolution
		Debug|Any CPU = Debug|Any CPU
		Debug|x64 = Debug|x64
		Debug|x86 = Debug|x86
		Release|Any CPU = Release|Any CPU
		Release|x64 = Release|x64
		Release|x86 = Release|x86
	EndGlobalSection
	GlobalSection(ProjectConfigurationPlatforms) = postSolution
		{E7FC89FB-E92D-471D-900C-7D34BD74B958}.Debug|Any CPU.ActiveCfg = Debug|Win32
		{E7FC89FB-E92D-471D-900C-7D34BD74B958}.Debug|x64.ActiveCfg = Debug|x64
		{E7FC89FB-E92D-471D-900C-7D34BD74B958}.Debug|x64.Build.0 = Debug|x64
		{E7FC89FB-E92D-471D-900C-7D34BD74B958}.Debug|x86.ActiveCfg = Debug|Win32
		{E7FC89FB-E92D-471D-900C-7D34BD74B958}.Debug|x86.Build.0 = Debug|Win32
		{E7FC89FB-E92D-471D-900C-7D34BD74B958}.Release|Any CPU.ActiveCfg = Release|Win32
		{E7FC89FB-E92D-471D-900C-7D34BD74B958}.Release|x64.ActiveCfg = Release|x64
		{E7FC89FB-E92D-471D-900C-7D34BD74B958}.Release|x64.Build.0 = Release|x64
		{E7FC89FB-E92D-471D-900C-7D34BD74B958}.Release|x86.ActiveCfg = Release|Win32
		{E7FC89FB-E92D-471D-900C-7D34BD74B958}.Release|x86.Build.0 = Release|Win32
		{B35804A1-2101-48A9-8FD3-692F2C3278F1}.Debug|Any CPU.ActiveCfg = Debug|Win32
		{B35804A1-2101-48A9-8FD3-692F2C3278F1}.Debug|x64.ActiveCfg = Debug|x64
		{B35804A1-2101-48A9-8FD3-692F2C3278F1}.Debug|x64.Build.0 = Debug|x64
		{B35804A1-2101-48A9-8FD3-692F2C3278F1}.Debug|x86.ActiveCfg = Debug|Win32
		{B35804A1-2101-48A9-8FD3-692F2C3278F1}.Debug|x86.Build.0 = Debug|Win32
		{B35804A1-2101-48A9-8FD3-692F2C3278F1}.Release|Any CPU.ActiveCfg = Release|Win32
		{B35804A1-2101-48A9-8FD3-692F2C3278F1}.Release|x64.ActiveCfg = Release|x64
		{B35804A1-2101-48A9-8FD3-692F2C3278F1}.Release|x64.Build.0 = Release|x64
		{B35804A1-2101-48A9-8FD3-692F2C3278F1}.Release|x86.ActiveCfg = Release|Win32
		{B35804A1-2101-48A9-8FD3-692F2C3278F1}.Release|x86.Build.0 = Release|Win32
		{F6B1A5D5-69F7-4159-926C-0834D02B1E8B}.Debug|Any CPU.ActiveCfg = Debug|Win32
		{F6B1A5D5-69F7-4159-926C-0834D02B1E8B}.Debug|x64.ActiveCfg = Debug|x64
		{F6B1A5D5-69F7-4159-926C-0834D02B1E8B}.Debug|x64.Build.0 = Debug|x64
		{F6B1A5D5-69F7-4159-926C-0834D02B1E8B}.Debug|x86.ActiveCfg = Debug|Win32
		{F6B1A5D5-69F7-4159-926C-0834D02B1E8B}.Debug|x86.Build.0 = Debug|Win32
		{F6B1A5D5-69F7-4159-926C-0834D02B1E8B}.Release|Any CPU.ActiveCfg = Release|Win32
		{F6B1A5D5-69F7-4159-926C-0834D02B1E8B}.Release|x64.ActiveCfg = Release|x64
		{F6B1A5D5-69F7-4159-926C-0834D02B1E8B}.Release|x64.Build.0 = Release|x64
		{F6B1A5D5-69F7-4159-926C-0834D02B1E8B}.Release|x86.ActiveCfg = Release|Win32
		{F6B1A5D5-69F7-4159-926C-0834D02B1E8B}.Release|x86.Build.0 = Release|Win32
		{9C578BD5-936A-4BF8-BD32-84994DB9CADD}.Debug|Any CPU.ActiveCfg = Debug|Win32
		{9C578BD5-936A-4BF8-BD32-84994DB9CADD}.Debug|x64.ActiveCfg = Debug|x64
		{9C578BD5-936A-4BF8-BD32-84994DB9CADD}.Debug|x64.Build.0 = Debug|x64
		{9C578BD5-936A-4BF8-BD32-84994DB9CADD}.Debug|x86.ActiveCfg = Debug|Win32
		{9C578BD5-936A-4BF8-BD32-84994DB9CADD}.Debug|x86.Build.0 = Debug|Win32
		{9C578BD5-936A-4BF8-BD32-84994DB9CADD}.Release|Any CPU.ActiveCfg = Release|Win32
		{9C578BD5-936A-4BF8-BD32-84994DB9CADD}.Release|x64.ActiveCfg = Release|x64
		{9C578BD5-936A-4BF8-BD32-84994DB9CADD}.Release|x64.Build.0 = Release|x64
		{9C578BD5-936A-4BF8-BD32-84994DB9CADD}.Release|x86.ActiveCfg = Release|Win32
		{9C578BD5-936A-4BF8-BD32-84994DB9CADD}.Release|x86.Build.0 = Release|Win32
		{8DFDF90B-3E80-49CB-9BA6-FAE1CEB7C5B5}.Debug|Any CPU.ActiveCfg = Debug|Win32
		{8DFDF90B-3E80-49CB-9BA6-FAE1CEB7C5B5}.Debug|x64.ActiveCfg = Debug|x64
		{8DFDF90B-3E80-49CB-9BA6-FAE1CEB7C5B5}.Debug|x64.Build.0 = Debug|x64
		{8DFDF90B-3E80-49CB-9BA6-FAE1CEB7C5B5}.Debug|x86.ActiveCfg = Debug|Win32
		{8DFDF90B-3E80-49CB-9BA6-FAE1CEB7C5B5}.Debug|x86.Build.0 = Debug|Win32
		{8DFDF90B-3E80-49CB-9BA6-FAE1CEB7C5B5}.Release|Any CPU.ActiveCfg = Release|Win32
		{8DFDF90B-3E80-49CB-9BA6-FAE1CEB7C5B5}.Release|x64.ActiveCfg = Release|x64
		{8DFDF90B-3E80-49CB-9BA6-FAE1CEB7C5B5}.Release|x64.Build.0 = Release|x64
		{8DFDF90B-3E80-49CB-9BA6-FAE1CEB7C5B5}.Release|x86.ActiveCfg = Release|Win32
		{8DFDF90B-3E80-49CB-9BA6-FAE1CEB7C5B5}.Release|x86.Build.0 = Release|Win32
		{98DE8948-ACA4-4AC3-A989-3C081A298B6F}.Debug|Any CPU.ActiveCfg = Debug|Win32
		{98DE8948-ACA4-4AC3-A989-3C081A298B6F}.Debug|x64.ActiveCfg = Debug|x64
		{98DE8948-ACA4-4AC3-A989-3C081A298B6F}.Debug|x64.Build.0 = Debug|x64
		{98DE8948-ACA4-4AC3-A989-3C081A298B6F}.Debug|x86.ActiveCfg = Debug|Win32
		{98DE8948-ACA4-4AC3-A989-3C081A298B6F}.Debug|x86.Build.0 = Debug|Win32
		{98DE8948-ACA4-4AC3-A989-3C081A298B6F}.Release|Any CPU.ActiveCfg = Release|Win32
		{98DE8948-ACA4-4AC3-A989-3C081A298B6F}.Release|x64.ActiveCfg = Release|x64
		{98DE8948-ACA4-4AC3-A989-3C081A298B6F}.Release|x64.Build.0 = Release|x64
		{98DE8948-ACA4-4AC3-A989-3C081A298B6F}.Release|x86.ActiveCfg = Release|Win32
		{98DE8948-ACA4-4AC3-A989-3C081A298B6F}.Release|x86.Build.0 = Release|Win32
	EndGlobalSection
	GlobalSection(SolutionProperties) = preSolution
		HideSolutionNode = FALSE
	EndGlobalSection
	GlobalSection(NestedProjects) = preSolution
		{A1618EBD-8DDE-4FEE-84FC-401571A67D27} = {D26DA8EB-3504-4498-8B63-BECB461D3533}
		{1725986F-463F-4133-BE35-2C5A198BD547} = {85A1BC4A-E801-48C4-9ABF-5220D7D99A07}
		{425A2AC7-0C2F-42DB-AD09-7D6C2451F0BB} = {D26DA8EB-3504-4498-8B63-BECB461D3533}
		{C59893AE-962E-41C4-AA47-A7F63AB4D2C3} = {85A1BC4A-E801-48C4-9ABF-5220D7D99A07}
		{E7FC89FB-E92D-471D-900C-7D34BD74B958} = {A1618EBD-8DDE-4FEE-84FC-401571A67D27}
		{B35804A1-2101-48A9-8FD3-692F2C3278F1} = {C59893AE-962E-41C4-AA47-A7F63AB4D2C3}
		{F6B1A5D5-69F7-4159-926C-0834D02B1E8B} = {1725986F-463F-4133-BE35-2C5A198BD547}
		{9C578BD5-936A-4BF8-BD32-84994DB9CADD} = {1725986F-463F-4133-BE35-2C5A198BD547}
		{8DFDF90B-3E80-49CB-9BA6-FAE1CEB7C5B5} = {1725986F-463F-4133-BE35-2C5A198BD547}
		{98DE8948-ACA4-4AC3-A989-3C081A298B6F} = {425A2AC7-0C2F-42DB-AD09-7D6C2451F0BB}
	EndGlobalSection
	GlobalSection(ExtensibilityGlobals) = postSolution
		SolutionGuid = {8ED6CCAF-F532-4E1B-A806-CF9C11C06B44}
	EndGlobalSection
EndGlobal
